PODS:
  - Flutter (1.0.0)
  - json-enum (1.2.3)
  - jsonlogic (1.2.4):
    - json-enum (~> 1.2.3)
  - Mixpanel-swift (6.4.0):
    - jsonlogic (~> 1.2.0)
    - Mixpanel-swift/Complete (= 6.4.0)
    - MixpanelSwiftCommon (~> 1.0.0)
  - Mixpanel-swift/Complete (6.4.0):
    - jsonlogic (~> 1.2.0)
    - MixpanelSwiftCommon (~> 1.0.0)
  - mixpanel_flutter (2.8.0):
    - Flutter
    - Mixpanel-swift (= 6.4.0)
  - MixpanelSwiftCommon (1.0.1)
  - sign_in_with_apple (0.0.1):
    - Flutter

DEPENDENCIES:
  - Flutter (from `Flutter`)
  - mixpanel_flutter (from `.symlinks/plugins/mixpanel_flutter/ios`)
  - sign_in_with_apple (from `.symlinks/plugins/sign_in_with_apple/ios`)

SPEC REPOS:
  trunk:
    - json-enum
    - jsonlogic
    - Mixpanel-swift
    - MixpanelSwiftCommon

EXTERNAL SOURCES:
  Flutter:
    :path: Flutter
  mixpanel_flutter:
    :path: ".symlinks/plugins/mixpanel_flutter/ios"
  sign_in_with_apple:
    :path: ".symlinks/plugins/sign_in_with_apple/ios"

SPEC CHECKSUMS:
  Flutter: cabc95a1d2626b1b06e7179b784ebcf0c0cde467
  json-enum: 57ad746d2f0d7852796e9aa50267bd84a778222e
  jsonlogic: 006f892470384401b8ca5b5d8d4cdadb3a0d5c9b
  Mixpanel-swift: 9eb2ea2d0463970687c984e07040669f787b7a49
  mixpanel_flutter: 259e1ad9a46a6013e74a979e47b25271989ef5fd
  MixpanelSwiftCommon: 6fc461403945422a2e1d0989d712c0db2c26ecdb
  sign_in_with_apple: c5dcc141574c8c54d5ac99dd2163c0c72ad22418

PODFILE CHECKSUM: ce2a4dd764e1c7aeed6a7cdc5e61d092b6dc6d32

COCOAPODS: 1.16.2
